
Microsoft Visual Studio Solution File, Format Version 12.00
# Visual Studio Version 17
VisualStudioVersion = 17.11.35208.52
MinimumVisualStudioVersion = 10.0.40219.1
Project("{FAE04EC0-301F-11D3-BF4B-00C04F79EFBC}") = "Currency Converter - ASP.NET4.8 - Eng Maged Ali", "Currency Converter - ASP.NET4.8 - Eng Maged Ali\Currency Converter - ASP.NET4.8 - Eng Maged Ali.csproj", "{2E8D4EF2-C765-4A34-8711-0D11011448DC}"
EndProject
Global
	GlobalSection(SolutionConfigurationPlatforms) = preSolution
		Debug|Any CPU = Debug|Any CPU
		Release|Any CPU = Release|Any CPU
	EndGlobalSection
	GlobalSection(ProjectConfigurationPlatforms) = postSolution
		{2E8D4EF2-C765-4A34-8711-0D11011448DC}.Debug|Any CPU.ActiveCfg = Debug|Any CPU
		{2E8D4EF2-C765-4A34-8711-0D11011448DC}.Debug|Any CPU.Build.0 = Debug|Any CPU
		{2E8D4EF2-C765-4A34-8711-0D11011448DC}.Release|Any CPU.ActiveCfg = Release|Any CPU
		{2E8D4EF2-C765-4A34-8711-0D11011448DC}.Release|Any CPU.Build.0 = Release|Any CPU
	EndGlobalSection
	GlobalSection(SolutionProperties) = preSolution
		HideSolutionNode = FALSE
	EndGlobalSection
	GlobalSection(ExtensibilityGlobals) = postSolution
		SolutionGuid = {69ADD6E3-6CD1-4F7F-B800-4A9F6DFE87F1}
	EndGlobalSection
EndGlobal
